<?xml version="1.0" encoding="utf-8"?>
<Project xmlns="http://schemas.microsoft.com/developer/msbuild/2003">
  <ItemGroup>
    <Filter Include="Form Files">
      <UniqueIdentifier>{99349809-55BA-4b9d-BF79-8FDBB0286EB3}</UniqueIdentifier>
      <Extensions>ui</Extensions>
      <ParseFiles>false</ParseFiles>
    </Filter>
    <Filter Include="Form Files">
      <UniqueIdentifier>{99349809-55BA-4b9d-BF79-8FDBB0286EB3}</UniqueIdentifier>
      <Extensions>ui</Extensions>
      <ParseFiles>false</ParseFiles>
    </Filter>
    <Filter Include="Generated Files">
      <UniqueIdentifier>{71ED8ED8-ACB9-4CE9-BBE1-E00B30144E11}</UniqueIdentifier>
      <Extensions>cpp;c;cxx;moc;h;def;odl;idl;res;</Extensions>
    </Filter>
    <Filter Include="Generated Files">
      <UniqueIdentifier>{71ED8ED8-ACB9-4CE9-BBE1-E00B30144E11}</UniqueIdentifier>
      <Extensions>cpp;c;cxx;moc;h;def;odl;idl;res;</Extensions>
    </Filter>
    <Filter Include="Header Files">
      <UniqueIdentifier>{93995380-89BD-4b04-88EB-625FBE52EBFB}</UniqueIdentifier>
      <Extensions>h;hpp;hxx;hm;inl;inc;xsd</Extensions>
    </Filter>
    <Filter Include="Header Files">
      <UniqueIdentifier>{93995380-89BD-4b04-88EB-625FBE52EBFB}</UniqueIdentifier>
      <Extensions>h;hpp;hxx;hm;inl;inc;xsd</Extensions>
    </Filter>
    <Filter Include="Resource Files">
      <UniqueIdentifier>{D9D6E242-F8AF-46E4-B9FD-80ECBC20BA3E}</UniqueIdentifier>
      <Extensions>qrc;*</Extensions>
      <ParseFiles>false</ParseFiles>
    </Filter>
    <Filter Include="Resource Files">
      <UniqueIdentifier>{D9D6E242-F8AF-46E4-B9FD-80ECBC20BA3E}</UniqueIdentifier>
      <Extensions>qrc;*</Extensions>
      <ParseFiles>false</ParseFiles>
    </Filter>
    <Filter Include="Source Files">
      <UniqueIdentifier>{4FC737F1-C7A5-4376-A066-2A32D752A2FF}</UniqueIdentifier>
      <Extensions>cpp;c;cxx;def;odl;idl;hpj;bat;asm;asmx</Extensions>
    </Filter>
    <Filter Include="Source Files">
      <UniqueIdentifier>{4FC737F1-C7A5-4376-A066-2A32D752A2FF}</UniqueIdentifier>
      <Extensions>cpp;c;cxx;def;odl;idl;hpj;bat;asm;asmx</Extensions>
    </Filter>
  </ItemGroup>
  <ItemGroup>
    <ClCompile Include="blackjacktable.cpp">
      <Filter>Source Files</Filter>
    </ClCompile>
    <ClCompile Include="card.cpp">
      <Filter>Source Files</Filter>
    </ClCompile>
    <ClCompile Include="deckstack.cpp">
      <Filter>Source Files</Filter>
    </ClCompile>
    <ClCompile Include="game.cpp">
      <Filter>Source Files</Filter>
    </ClCompile>
    <ClCompile Include="main.cpp">
      <Filter>Source Files</Filter>
    </ClCompile>
    <ClCompile Include="player.cpp">
      <Filter>Source Files</Filter>
    </ClCompile>
  </ItemGroup>
  <ItemGroup>
    <QtMoc Include="blackjacktable.h">
      <Filter>Header Files</Filter>
    </QtMoc>
    <ClInclude Include="card.h">
      <Filter>Header Files</Filter>
    </ClInclude>
    <ClInclude Include="deckstack.h">
      <Filter>Header Files</Filter>
    </ClInclude>
    <ClInclude Include="game.h">
      <Filter>Header Files</Filter>
    </ClInclude>
    <ClInclude Include="player.h">
      <Filter>Header Files</Filter>
    </ClInclude>
  </ItemGroup>
  <ItemGroup>
    
    
    <CustomBuild Include="debug\moc_predefs.h.cbt">
      <Filter>Generated Files</Filter>
    </CustomBuild>
    <CustomBuild Include="release\moc_predefs.h.cbt">
      <Filter>Generated Files</Filter>
    </CustomBuild>
    
    
    <ClInclude Include="ui_blackjacktable.h">
      <Filter>Generated Files</Filter>
    </ClInclude>
  </ItemGroup>
  <ItemGroup>
    <QtUic Include="blackjacktable.ui">
      <Filter>Form Files</Filter>
    </QtUic>
  </ItemGroup>
  <ItemGroup>
    <None Include="PNG-cards-1.3\10_of_clubs.png">
      <Filter>Resource Files</Filter>
    </None>
    <None Include="PNG-cards-1.3\10_of_diamonds.png">
      <Filter>Resource Files</Filter>
    </None>
    <None Include="PNG-cards-1.3\10_of_hearts.png">
      <Filter>Resource Files</Filter>
    </None>
    <None Include="PNG-cards-1.3\10_of_spades.png">
      <Filter>Resource Files</Filter>
    </None>
    <None Include="PNG-cards-1.3\2_of_clubs.png">
      <Filter>Resource Files</Filter>
    </None>
    <None Include="PNG-cards-1.3\2_of_diamonds.png">
      <Filter>Resource Files</Filter>
    </None>
    <None Include="PNG-cards-1.3\2_of_hearts.png">
      <Filter>Resource Files</Filter>
    </None>
    <None Include="PNG-cards-1.3\2_of_spades.png">
      <Filter>Resource Files</Filter>
    </None>
    <None Include="PNG-cards-1.3\3_of_clubs.png">
      <Filter>Resource Files</Filter>
    </None>
    <None Include="PNG-cards-1.3\3_of_diamonds.png">
      <Filter>Resource Files</Filter>
    </None>
    <None Include="PNG-cards-1.3\3_of_hearts.png">
      <Filter>Resource Files</Filter>
    </None>
    <None Include="PNG-cards-1.3\3_of_spades.png">
      <Filter>Resource Files</Filter>
    </None>
    <None Include="PNG-cards-1.3\4_of_clubs.png">
      <Filter>Resource Files</Filter>
    </None>
    <None Include="PNG-cards-1.3\4_of_diamonds.png">
      <Filter>Resource Files</Filter>
    </None>
    <None Include="PNG-cards-1.3\4_of_hearts.png">
      <Filter>Resource Files</Filter>
    </None>
    <None Include="PNG-cards-1.3\4_of_spades.png">
      <Filter>Resource Files</Filter>
    </None>
    <None Include="PNG-cards-1.3\5_of_clubs.png">
      <Filter>Resource Files</Filter>
    </None>
    <None Include="PNG-cards-1.3\5_of_diamonds.png">
      <Filter>Resource Files</Filter>
    </None>
    <None Include="PNG-cards-1.3\5_of_hearts.png">
      <Filter>Resource Files</Filter>
    </None>
    <None Include="PNG-cards-1.3\5_of_spades.png">
      <Filter>Resource Files</Filter>
    </None>
    <None Include="PNG-cards-1.3\6_of_clubs.png">
      <Filter>Resource Files</Filter>
    </None>
    <None Include="PNG-cards-1.3\6_of_diamonds.png">
      <Filter>Resource Files</Filter>
    </None>
    <None Include="PNG-cards-1.3\6_of_hearts.png">
      <Filter>Resource Files</Filter>
    </None>
    <None Include="PNG-cards-1.3\6_of_spades.png">
      <Filter>Resource Files</Filter>
    </None>
    <None Include="PNG-cards-1.3\7_of_clubs.png">
      <Filter>Resource Files</Filter>
    </None>
    <None Include="PNG-cards-1.3\7_of_diamonds.png">
      <Filter>Resource Files</Filter>
    </None>
    <None Include="PNG-cards-1.3\7_of_hearts.png">
      <Filter>Resource Files</Filter>
    </None>
    <None Include="PNG-cards-1.3\7_of_spades.png">
      <Filter>Resource Files</Filter>
    </None>
    <None Include="PNG-cards-1.3\8_of_clubs.png">
      <Filter>Resource Files</Filter>
    </None>
    <None Include="PNG-cards-1.3\8_of_diamonds.png">
      <Filter>Resource Files</Filter>
    </None>
    <None Include="PNG-cards-1.3\8_of_hearts.png">
      <Filter>Resource Files</Filter>
    </None>
    <None Include="PNG-cards-1.3\8_of_spades.png">
      <Filter>Resource Files</Filter>
    </None>
    <None Include="PNG-cards-1.3\9_of_clubs.png">
      <Filter>Resource Files</Filter>
    </None>
    <None Include="PNG-cards-1.3\9_of_diamonds.png">
      <Filter>Resource Files</Filter>
    </None>
    <None Include="PNG-cards-1.3\9_of_hearts.png">
      <Filter>Resource Files</Filter>
    </None>
    <None Include="PNG-cards-1.3\9_of_spades.png">
      <Filter>Resource Files</Filter>
    </None>
    <None Include="PNG-cards-1.3\ace_of_clubs.png">
      <Filter>Resource Files</Filter>
    </None>
    <None Include="PNG-cards-1.3\ace_of_diamonds.png">
      <Filter>Resource Files</Filter>
    </None>
    <None Include="PNG-cards-1.3\ace_of_hearts.png">
      <Filter>Resource Files</Filter>
    </None>
    <None Include="PNG-cards-1.3\ace_of_spades.png">
      <Filter>Resource Files</Filter>
    </None>
    <None Include="PNG-cards-1.3\ace_of_spades2.png">
      <Filter>Resource Files</Filter>
    </None>
    <None Include="PNG-cards-1.3\black_joker.png">
      <Filter>Resource Files</Filter>
    </None>
    <None Include="PNG-cards-1.3\jack_of_clubs.png">
      <Filter>Resource Files</Filter>
    </None>
    <None Include="PNG-cards-1.3\jack_of_clubs2.png">
      <Filter>Resource Files</Filter>
    </None>
    <None Include="PNG-cards-1.3\jack_of_diamonds.png">
      <Filter>Resource Files</Filter>
    </None>
    <None Include="PNG-cards-1.3\jack_of_diamonds2.png">
      <Filter>Resource Files</Filter>
    </None>
    <None Include="PNG-cards-1.3\jack_of_hearts.png">
      <Filter>Resource Files</Filter>
    </None>
    <None Include="PNG-cards-1.3\jack_of_hearts2.png">
      <Filter>Resource Files</Filter>
    </None>
    <None Include="PNG-cards-1.3\jack_of_spades.png">
      <Filter>Resource Files</Filter>
    </None>
    <None Include="PNG-cards-1.3\jack_of_spades2.png">
      <Filter>Resource Files</Filter>
    </None>
    <None Include="PNG-cards-1.3\king_of_clubs.png">
      <Filter>Resource Files</Filter>
    </None>
    <None Include="PNG-cards-1.3\king_of_clubs2.png">
      <Filter>Resource Files</Filter>
    </None>
    <None Include="PNG-cards-1.3\king_of_diamonds.png">
      <Filter>Resource Files</Filter>
    </None>
    <None Include="PNG-cards-1.3\king_of_diamonds2.png">
      <Filter>Resource Files</Filter>
    </None>
    <None Include="PNG-cards-1.3\king_of_hearts.png">
      <Filter>Resource Files</Filter>
    </None>
    <None Include="PNG-cards-1.3\king_of_hearts2.png">
      <Filter>Resource Files</Filter>
    </None>
    <None Include="PNG-cards-1.3\king_of_spades.png">
      <Filter>Resource Files</Filter>
    </None>
    <None Include="PNG-cards-1.3\king_of_spades2.png">
      <Filter>Resource Files</Filter>
    </None>
    <QtRcc Include="musicstuff.qrc">
      <Filter>Resource Files</Filter>
    </QtRcc>
    <None Include="PNG-cards-1.3\queen_of_clubs.png">
      <Filter>Resource Files</Filter>
    </None>
    <None Include="PNG-cards-1.3\queen_of_clubs2.png">
      <Filter>Resource Files</Filter>
    </None>
    <None Include="PNG-cards-1.3\queen_of_diamonds.png">
      <Filter>Resource Files</Filter>
    </None>
    <None Include="PNG-cards-1.3\queen_of_diamonds2.png">
      <Filter>Resource Files</Filter>
    </None>
    <None Include="PNG-cards-1.3\queen_of_hearts.png">
      <Filter>Resource Files</Filter>
    </None>
    <None Include="PNG-cards-1.3\queen_of_hearts2.png">
      <Filter>Resource Files</Filter>
    </None>
    <None Include="PNG-cards-1.3\queen_of_spades.png">
      <Filter>Resource Files</Filter>
    </None>
    <None Include="PNG-cards-1.3\queen_of_spades2.png">
      <Filter>Resource Files</Filter>
    </None>
    <None Include="PNG-cards-1.3\red_joker.png">
      <Filter>Resource Files</Filter>
    </None>
  </ItemGroup>
</Project>